
Microsoft Visual Studio Solution File, Format Version 12.00
# Visual Studio Version 17
VisualStudioVersion = 17.1.32210.238
MinimumVisualStudioVersion = 10.0.40219.1
Project("{FAE04EC0-301F-11D3-BF4B-00C04F79EFBC}") = "ConsoleApp6", "ConsoleApp6.csproj", "{D6FB0E41-F6E4-401C-9A5E-E6B5CAB3EA58}"
EndProject
Project("{FAE04EC0-301F-11D3-BF4B-00C04F79EFBC}") = "ConsoleApp7", "..\ConsoleApp7\ConsoleApp7.csproj", "{2AA9BD5E-E9AD-4EA2-8845-2C520C954B7C}"
EndProject
Global
	GlobalSection(SolutionConfigurationPlatforms) = preSolution
		Debug|Any CPU = Debug|Any CPU
		Release|Any CPU = Release|Any CPU
	EndGlobalSection
	GlobalSection(ProjectConfigurationPlatforms) = postSolution
		{D6FB0E41-F6E4-401C-9A5E-E6B5CAB3EA58}.Debug|Any CPU.ActiveCfg = Debug|Any CPU
		{D6FB0E41-F6E4-401C-9A5E-E6B5CAB3EA58}.Debug|Any CPU.Build.0 = Debug|Any CPU
		{D6FB0E41-F6E4-401C-9A5E-E6B5CAB3EA58}.Release|Any CPU.ActiveCfg = Release|Any CPU
		{D6FB0E41-F6E4-401C-9A5E-E6B5CAB3EA58}.Release|Any CPU.Build.0 = Release|Any CPU
		{2AA9BD5E-E9AD-4EA2-8845-2C520C954B7C}.Debug|Any CPU.ActiveCfg = Debug|Any CPU
		{2AA9BD5E-E9AD-4EA2-8845-2C520C954B7C}.Debug|Any CPU.Build.0 = Debug|Any CPU
		{2AA9BD5E-E9AD-4EA2-8845-2C520C954B7C}.Release|Any CPU.ActiveCfg = Release|Any CPU
		{2AA9BD5E-E9AD-4EA2-8845-2C520C954B7C}.Release|Any CPU.Build.0 = Release|Any CPU
	EndGlobalSection
	GlobalSection(SolutionProperties) = preSolution
		HideSolutionNode = FALSE
	EndGlobalSection
	GlobalSection(ExtensibilityGlobals) = postSolution
		SolutionGuid = {92739990-76F6-46BC-81EF-A9A35C4ADD92}
	EndGlobalSection
EndGlobal
