
Microsoft Visual Studio Solution File, Format Version 12.00
# Visual Studio Version 17
VisualStudioVersion = 17.1.32210.238
MinimumVisualStudioVersion = 10.0.40219.1
Project("{FAE04EC0-301F-11D3-BF4B-00C04F79EFBC}") = "first", "first.csproj", "{C93E2A15-C0FE-47D3-A48F-98BE1C40F11E}"
EndProject
Global
	GlobalSection(SolutionConfigurationPlatforms) = preSolution
		Debug|Any CPU = Debug|Any CPU
		Release|Any CPU = Release|Any CPU
	EndGlobalSection
	GlobalSection(ProjectConfigurationPlatforms) = postSolution
		{C93E2A15-C0FE-47D3-A48F-98BE1C40F11E}.Debug|Any CPU.ActiveCfg = Debug|Any CPU
		{C93E2A15-C0FE-47D3-A48F-98BE1C40F11E}.Debug|Any CPU.Build.0 = Debug|Any CPU
		{C93E2A15-C0FE-47D3-A48F-98BE1C40F11E}.Release|Any CPU.ActiveCfg = Release|Any CPU
		{C93E2A15-C0FE-47D3-A48F-98BE1C40F11E}.Release|Any CPU.Build.0 = Release|Any CPU
	EndGlobalSection
	GlobalSection(SolutionProperties) = preSolution
		HideSolutionNode = FALSE
	EndGlobalSection
	GlobalSection(ExtensibilityGlobals) = postSolution
		SolutionGuid = {974C9A37-FA81-4894-B91D-D1835191CFC5}
	EndGlobalSection
EndGlobal
